// !$*UTF8*$!
{
	archiveVersion = 1;
	classes = {
	};
	objectVersion = 46;
	objects = {

/* Begin PBXBuildFile section */
		82292E771B59BA010003DFEC /* AppDelegate.swift in Sources */ = {isa = PBXBuildFile; fileRef = 82292E761B59BA010003DFEC /* AppDelegate.swift */; };
		82292E791B59BA010003DFEC /* ViewController.swift in Sources */ = {isa = PBXBuildFile; fileRef = 82292E781B59BA010003DFEC /* ViewController.swift */; };
		82292E7C1B59BA010003DFEC /* Main.storyboard in Resources */ = {isa = PBXBuildFile; fileRef = 82292E7A1B59BA010003DFEC /* Main.storyboard */; };
		82292E7E1B59BA010003DFEC /* Images.xcassets in Resources */ = {isa = PBXBuildFile; fileRef = 82292E7D1B59BA010003DFEC /* Images.xcassets */; };
		82292E811B59BA010003DFEC /* LaunchScreen.xib in Resources */ = {isa = PBXBuildFile; fileRef = 82292E7F1B59BA010003DFEC /* LaunchScreen.xib */; };
		82292E8D1B59BA010003DFEC /* textFieldsChallengeAppTests.swift in Sources */ = {isa = PBXBuildFile; fileRef = 82292E8C1B59BA010003DFEC /* textFieldsChallengeAppTests.swift */; };
		82292E971B59BBD20003DFEC /* zipcodeTextFieldDelegate.swift in Sources */ = {isa = PBXBuildFile; fileRef = 82292E961B59BBD20003DFEC /* zipcodeTextFieldDelegate.swift */; };
		82292E991B59BCC20003DFEC /* cashTextFieldDelegate.swift in Sources */ = {isa = PBXBuildFile; fileRef = 82292E981B59BCC20003DFEC /* cashTextFieldDelegate.swift */; };
/* End PBXBuildFile section */

/* Begin PBXContainerItemProxy section */
		82292E871B59BA010003DFEC /* PBXContainerItemProxy */ = {
			isa = PBXContainerItemProxy;
			containerPortal = 82292E691B59BA010003DFEC /* Project object */;
			proxyType = 1;
			remoteGlobalIDString = 82292E701B59BA010003DFEC;
			remoteInfo = textFieldsChallengeApp;
		};
/* End PBXContainerItemProxy section */

/* Begin PBXFileReference section */
		82292E711B59BA010003DFEC /* textFieldsChallengeApp.app */ = {isa = PBXFileReference; explicitFileType = wrapper.application; includeInIndex = 0; path = textFieldsChallengeApp.app; sourceTree = BUILT_PRODUCTS_DIR; };
		82292E751B59BA010003DFEC /* Info.plist */ = {isa = PBXFileReference; lastKnownFileType = text.plist.xml; path = Info.plist; sourceTree = "<group>"; };
		82292E761B59BA010003DFEC /* AppDelegate.swift */ = {isa = PBXFileReference; lastKnownFileType = sourcecode.swift; path = AppDelegate.swift; sourceTree = "<group>"; };
		82292E781B59BA010003DFEC /* ViewController.swift */ = {isa = PBXFileReference; lastKnownFileType = sourcecode.swift; path = ViewController.swift; sourceTree = "<group>"; };
		82292E7B1B59BA010003DFEC /* Base */ = {isa = PBXFileReference; lastKnownFileType = file.storyboard; name = Base; path = Base.lproj/Main.storyboard; sourceTree = "<group>"; };
		82292E7D1B59BA010003DFEC /* Images.xcassets */ = {isa = PBXFileReference; lastKnownFileType = folder.assetcatalog; path = Images.xcassets; sourceTree = "<group>"; };
		82292E801B59BA010003DFEC /* Base */ = {isa = PBXFileReference; lastKnownFileType = file.xib; name = Base; path = Base.lproj/LaunchScreen.xib; sourceTree = "<group>"; };
		82292E861B59BA010003DFEC /* textFieldsChallengeAppTests.xctest */ = {isa = PBXFileReference; explicitFileType = wrapper.cfbundle; includeInIndex = 0; path = textFieldsChallengeAppTests.xctest; sourceTree = BUILT_PRODUCTS_DIR; };
		82292E8B1B59BA010003DFEC /* Info.plist */ = {isa = PBXFileReference; lastKnownFileType = text.plist.xml; path = Info.plist; sourceTree = "<group>"; };
		82292E8C1B59BA010003DFEC /* textFieldsChallengeAppTests.swift */ = {isa = PBXFileReference; lastKnownFileType = sourcecode.swift; path = textFieldsChallengeAppTests.swift; sourceTree = "<group>"; };
		82292E961B59BBD20003DFEC /* zipcodeTextFieldDelegate.swift */ = {isa = PBXFileReference; fileEncoding = 4; lastKnownFileType = sourcecode.swift; path = zipcodeTextFieldDelegate.swift; sourceTree = "<group>"; };
		82292E981B59BCC20003DFEC /* cashTextFieldDelegate.swift */ = {isa = PBXFileReference; fileEncoding = 4; lastKnownFileType = sourcecode.swift; lineEnding = 0; path = cashTextFieldDelegate.swift; sourceTree = "<group>"; };
/* End PBXFileReference section */

/* Begin PBXFrameworksBuildPhase section */
		82292E6E1B59BA010003DFEC /* Frameworks */ = {
			isa = PBXFrameworksBuildPhase;
			buildActionMask = 2147483647;
			files = (
			);
			runOnlyForDeploymentPostprocessing = 0;
		};
		82292E831B59BA010003DFEC /* Frameworks */ = {
			isa = PBXFrameworksBuildPhase;
			buildActionMask = 2147483647;
			files = (
			);
			runOnlyForDeploymentPostprocessing = 0;
		};
/* End PBXFrameworksBuildPhase section */

/* Begin PBXGroup section */
		82292E681B59BA010003DFEC = {
			isa = PBXGroup;
			children = (
				82292E731B59BA010003DFEC /* textFieldsChallengeApp */,
				82292E891B59BA010003DFEC /* textFieldsChallengeAppTests */,
				82292E721B59BA010003DFEC /* Products */,
			);
			sourceTree = "<group>";
		};
		82292E721B59BA010003DFEC /* Products */ = {
			isa = PBXGroup;
			children = (
				82292E711B59BA010003DFEC /* textFieldsChallengeApp.app */,
				82292E861B59BA010003DFEC /* textFieldsChallengeAppTests.xctest */,
			);
			name = Products;
			sourceTree = "<group>";
		};
		82292E731B59BA010003DFEC /* textFieldsChallengeApp */ = {
			isa = PBXGroup;
			children = (
				82292E761B59BA010003DFEC /* AppDelegate.swift */,
				82292E781B59BA010003DFEC /* ViewController.swift */,
				82292E981B59BCC20003DFEC /* cashTextFieldDelegate.swift */,
				82292E7A1B59BA010003DFEC /* Main.storyboard */,
				82292E7D1B59BA010003DFEC /* Images.xcassets */,
				82292E961B59BBD20003DFEC /* zipcodeTextFieldDelegate.swift */,
				82292E7F1B59BA010003DFEC /* LaunchScreen.xib */,
				82292E741B59BA010003DFEC /* Supporting Files */,
			);
			path = textFieldsChallengeApp;
			sourceTree = "<group>";
		};
		82292E741B59BA010003DFEC /* Supporting Files */ = {
			isa = PBXGroup;
			children = (
				82292E751B59BA010003DFEC /* Info.plist */,
			);
			name = "Supporting Files";
			sourceTree = "<group>";
		};
		82292E891B59BA010003DFEC /* textFieldsChallengeAppTests */ = {
			isa = PBXGroup;
			children = (
				82292E8C1B59BA010003DFEC /* textFieldsChallengeAppTests.swift */,
				82292E8A1B59BA010003DFEC /* Supporting Files */,
			);
			path = textFieldsChallengeAppTests;
			sourceTree = "<group>";
		};
		82292E8A1B59BA010003DFEC /* Supporting Files */ = {
			isa = PBXGroup;
			children = (
				82292E8B1B59BA010003DFEC /* Info.plist */,
			);
			name = "Supporting Files";
			sourceTree = "<group>";
		};
/* End PBXGroup section */

/* Begin PBXNativeTarget section */
		82292E701B59BA010003DFEC /* textFieldsChallengeApp */ = {
			isa = PBXNativeTarget;
			buildConfigurationList = 82292E901B59BA010003DFEC /* Build configuration list for PBXNativeTarget "textFieldsChallengeApp" */;
			buildPhases = (
				82292E6D1B59BA010003DFEC /* Sources */,
				82292E6E1B59BA010003DFEC /* Frameworks */,
				82292E6F1B59BA010003DFEC /* Resources */,
			);
			buildRules = (
			);
			dependencies = (
			);
			name = textFieldsChallengeApp;
			productName = textFieldsChallengeApp;
			productReference = 82292E711B59BA010003DFEC /* textFieldsChallengeApp.app */;
			productType = "com.apple.product-type.application";
		};
		82292E851B59BA010003DFEC /* textFieldsChallengeAppTests */ = {
			isa = PBXNativeTarget;
			buildConfigurationList = 82292E931B59BA010003DFEC /* Build configuration list for PBXNativeTarget "textFieldsChallengeAppTests" */;
			buildPhases = (
				82292E821B59BA010003DFEC /* Sources */,
				82292E831B59BA010003DFEC /* Frameworks */,
				82292E841B59BA010003DFEC /* Resources */,
			);
			buildRules = (
			);
			dependencies = (
				82292E881B59BA010003DFEC /* PBXTargetDependency */,
			);
			name = textFieldsChallengeAppTests;
			productName = textFieldsChallengeAppTests;
			productReference = 82292E861B59BA010003DFEC /* textFieldsChallengeAppTests.xctest */;
			productType = "com.apple.product-type.bundle.unit-test";
		};
/* End PBXNativeTarget section */

/* Begin PBXProject section */
		82292E691B59BA010003DFEC /* Project object */ = {
			isa = PBXProject;
			attributes = {
				LastUpgradeCheck = 0640;
				ORGANIZATIONNAME = "Markus Willburn";
				TargetAttributes = {
					82292E701B59BA010003DFEC = {
						CreatedOnToolsVersion = 6.4;
					};
					82292E851B59BA010003DFEC = {
						CreatedOnToolsVersion = 6.4;
						TestTargetID = 82292E701B59BA010003DFEC;
					};
				};
			};
			buildConfigurationList = 82292E6C1B59BA010003DFEC /* Build configuration list for PBXProject "textFieldsChallengeApp" */;
			compatibilityVersion = "Xcode 3.2";
			developmentRegion = English;
			hasScannedForEncodings = 0;
			knownRegions = (
				en,
				Base,
			);
			mainGroup = 82292E681B59BA010003DFEC;
			productRefGroup = 82292E721B59BA010003DFEC /* Products */;
			projectDirPath = "";
			projectRoot = "";
			targets = (
				82292E701B59BA010003DFEC /* textFieldsChallengeApp */,
				82292E851B59BA010003DFEC /* textFieldsChallengeAppTests */,
			);
		};
/* End PBXProject section */

/* Begin PBXResourcesBuildPhase section */
		82292E6F1B59BA010003DFEC /* Resources */ = {
			isa = PBXResourcesBuildPhase;
			buildActionMask = 2147483647;
			files = (
				82292E7C1B59BA010003DFEC /* Main.storyboard in Resources */,
				82292E811B59BA010003DFEC /* LaunchScreen.xib in Resources */,
				82292E7E1B59BA010003DFEC /* Images.xcassets in Resources */,
			);
			runOnlyForDeploymentPostprocessing = 0;
		};
		82292E841B59BA010003DFEC /* Resources */ = {
			isa = PBXResourcesBuildPhase;
			buildActionMask = 2147483647;
			files = (
			);
			runOnlyForDeploymentPostprocessing = 0;
		};
/* End PBXResourcesBuildPhase section */

/* Begin PBXSourcesBuildPhase section */
		82292E6D1B59BA010003DFEC /* Sources */ = {
			isa = PBXSourcesBuildPhase;
			buildActionMask = 2147483647;
			files = (
				82292E791B59BA010003DFEC /* ViewController.swift in Sources */,
				82292E991B59BCC20003DFEC /* cashTextFieldDelegate.swift in Sources */,
				82292E971B59BBD20003DFEC /* zipcodeTextFieldDelegate.swift in Sources */,
				82292E771B59BA010003DFEC /* AppDelegate.swift in Sources */,
			);
			runOnlyForDeploymentPostprocessing = 0;
		};
		82292E821B59BA010003DFEC /* Sources */ = {
			isa = PBXSourcesBuildPhase;
			buildActionMask = 2147483647;
			files = (
				82292E8D1B59BA010003DFEC /* textFieldsChallengeAppTests.swift in Sources */,
			);
			runOnlyForDeploymentPostprocessing = 0;
		};
/* End PBXSourcesBuildPhase section */

/* Begin PBXTargetDependency section */
		82292E881B59BA010003DFEC /* PBXTargetDependency */ = {
			isa = PBXTargetDependency;
			target = 82292E701B59BA010003DFEC /* textFieldsChallengeApp */;
			targetProxy = 82292E871B59BA010003DFEC /* PBXContainerItemProxy */;
		};
/* End PBXTargetDependency section */

/* Begin PBXVariantGroup section */
		82292E7A1B59BA010003DFEC /* Main.storyboard */ = {
			isa = PBXVariantGroup;
			children = (
				82292E7B1B59BA010003DFEC /* Base */,
			);
			name = Main.storyboard;
			sourceTree = "<group>";
		};
		82292E7F1B59BA010003DFEC /* LaunchScreen.xib */ = {
			isa = PBXVariantGroup;
			children = (
				82292E801B59BA010003DFEC /* Base */,
			);
			name = LaunchScreen.xib;
			sourceTree = "<group>";
		};
/* End PBXVariantGroup section */

/* Begin XCBuildConfiguration section */
		82292E8E1B59BA010003DFEC /* Debug */ = {
			isa = XCBuildConfiguration;
			buildSettings = {
				ALWAYS_SEARCH_USER_PATHS = NO;
				CLANG_CXX_LANGUAGE_STANDARD = "gnu++0x";
				CLANG_CXX_LIBRARY = "libc++";
				CLANG_ENABLE_MODULES = YES;
				CLANG_ENABLE_OBJC_ARC = YES;
				CLANG_WARN_BOOL_CONVERSION = YES;
				CLANG_WARN_CONSTANT_CONVERSION = YES;
				CLANG_WARN_DIRECT_OBJC_ISA_USAGE = YES_ERROR;
				CLANG_WARN_EMPTY_BODY = YES;
				CLANG_WARN_ENUM_CONVERSION = YES;
				CLANG_WARN_INT_CONVERSION = YES;
				CLANG_WARN_OBJC_ROOT_CLASS = YES_ERROR;
				CLANG_WARN_UNREACHABLE_CODE = YES;
				CLANG_WARN__DUPLICATE_METHOD_MATCH = YES;
				"CODE_SIGN_IDENTITY[sdk=iphoneos*]" = "iPhone Developer";
				COPY_PHASE_STRIP = NO;
				DEBUG_INFORMATION_FORMAT = "dwarf-with-dsym";
				ENABLE_STRICT_OBJC_MSGSEND = YES;
				GCC_C_LANGUAGE_STANDARD = gnu99;
				GCC_DYNAMIC_NO_PIC = NO;
				GCC_NO_COMMON_BLOCKS = YES;
				GCC_OPTIMIZATION_LEVEL = 0;
				GCC_PREPROCESSOR_DEFINITIONS = (
					"DEBUG=1",
					"$(inherited)",
				);
				GCC_SYMBOLS_PRIVATE_EXTERN = NO;
				GCC_WARN_64_TO_32_BIT_CONVERSION = YES;
				GCC_WARN_ABOUT_RETURN_TYPE = YES_ERROR;
				GCC_WARN_UNDECLARED_SELECTOR = YES;
				GCC_WARN_UNINITIALIZED_AUTOS = YES_AGGRESSIVE;
				GCC_WARN_UNUSED_FUNCTION = YES;
				GCC_WARN_UNUSED_VARIABLE = YES;
				IPHONEOS_DEPLOYMENT_TARGET = 8.4;
				MTL_ENABLE_DEBUG_INFO = YES;
				ONLY_ACTIVE_ARCH = YES;
				SDKROOT = iphoneos;
				SWIFT_OPTIMIZATION_LEVEL = "-Onone";
			};
			name = Debug;
		};
		82292E8F1B59BA010003DFEC /* Release */ = {
			isa = XCBuildConfiguration;
			buildSettings = {
				ALWAYS_SEARCH_USER_PATHS = NO;
				CLANG_CXX_LANGUAGE_STANDARD = "gnu++0x";
				CLANG_CXX_LIBRARY = "libc++";
				CLANG_ENABLE_MODULES = YES;
				CLANG_ENABLE_OBJC_ARC = YES;
				CLANG_WARN_BOOL_CONVERSION = YES;
				CLANG_WARN_CONSTANT_CONVERSION = YES;
				CLANG_WARN_DIRECT_OBJC_ISA_USAGE = YES_ERROR;
				CLANG_WARN_EMPTY_BODY = YES;
				CLANG_WARN_ENUM_CONVERSION = YES;
				CLANG_WARN_INT_CONVERSION = YES;
				CLANG_WARN_OBJC_ROOT_CLASS = YES_ERROR;
				CLANG_WARN_UNREACHABLE_CODE = YES;
				CLANG_WARN__DUPLICATE_METHOD_MATCH = YES;
				"CODE_SIGN_IDENTITY[sdk=iphoneos*]" = "iPhone Developer";
				COPY_PHASE_STRIP = NO;
				DEBUG_INFORMATION_FORMAT = "dwarf-with-dsym";
				ENABLE_NS_ASSERTIONS = NO;
				ENABLE_STRICT_OBJC_MSGSEND = YES;
				GCC_C_LANGUAGE_STANDARD = gnu99;
				GCC_NO_COMMON_BLOCKS = YES;
				GCC_WARN_64_TO_32_BIT_CONVERSION = YES;
				GCC_WARN_ABOUT_RETURN_TYPE = YES_ERROR;
				GCC_WARN_UNDECLARED_SELECTOR = YES;
				GCC_WARN_UNINITIALIZED_AUTOS = YES_AGGRESSIVE;
				GCC_WARN_UNUSED_FUNCTION = YES;
				GCC_WARN_UNUSED_VARIABLE = YES;
				IPHONEOS_DEPLOYMENT_TARGET = 8.4;
				MTL_ENABLE_DEBUG_INFO = NO;
				SDKROOT = iphoneos;
				VALIDATE_PRODUCT = YES;
			};
			name = Release;
		};
		82292E911B59BA010003DFEC /* Debug */ = {
			isa = XCBuildConfiguration;
			buildSettings = {
				ASSETCATALOG_COMPILER_APPICON_NAME = AppIcon;
				INFOPLIST_FILE = textFieldsChallengeApp/Info.plist;
				LD_RUNPATH_SEARCH_PATHS = "$(inherited) @executable_path/Frameworks";
				PRODUCT_NAME = "$(TARGET_NAME)";
			};
			name = Debug;
		};
		82292E921B59BA010003DFEC /* Release */ = {
			isa = XCBuildConfiguration;
			buildSettings = {
				ASSETCATALOG_COMPILER_APPICON_NAME = AppIcon;
				INFOPLIST_FILE = textFieldsChallengeApp/Info.plist;
				LD_RUNPATH_SEARCH_PATHS = "$(inherited) @executable_path/Frameworks";
				PRODUCT_NAME = "$(TARGET_NAME)";
			};
			name = Release;
		};
		82292E941B59BA010003DFEC /* Debug */ = {
			isa = XCBuildConfiguration;
			buildSettings = {
				BUNDLE_LOADER = "$(TEST_HOST)";
				FRAMEWORK_SEARCH_PATHS = (
					"$(SDKROOT)/Developer/Library/Frameworks",
					"$(inherited)",
				);
				GCC_PREPROCESSOR_DEFINITIONS = (
					"DEBUG=1",
					"$(inherited)",
				);
				INFOPLIST_FILE = textFieldsChallengeAppTests/Info.plist;
				LD_RUNPATH_SEARCH_PATHS = "$(inherited) @executable_path/Frameworks @loader_path/Frameworks";
				PRODUCT_NAME = "$(TARGET_NAME)";
				TEST_HOST = "$(BUILT_PRODUCTS_DIR)/textFieldsChallengeApp.app/textFieldsChallengeApp";
			};
			name = Debug;
		};
		82292E951B59BA010003DFEC /* Release */ = {
			isa = XCBuildConfiguration;
			buildSettings = {
				BUNDLE_LOADER = "$(TEST_HOST)";
				FRAMEWORK_SEARCH_PATHS = (
					"$(SDKROOT)/Developer/Library/Frameworks",
					"$(inherited)",
				);
				INFOPLIST_FILE = textFieldsChallengeAppTests/Info.plist;
				LD_RUNPATH_SEARCH_PATHS = "$(inherited) @executable_path/Frameworks @loader_path/Frameworks";
				PRODUCT_NAME = "$(TARGET_NAME)";
				TEST_HOST = "$(BUILT_PRODUCTS_DIR)/textFieldsChallengeApp.app/textFieldsChallengeApp";
			};
			name = Release;
		};
/* End XCBuildConfiguration section */

/* Begin XCConfigurationList section */
		82292E6C1B59BA010003DFEC /* Build configuration list for PBXProject "textFieldsChallengeApp" */ = {
			isa = XCConfigurationList;
			buildConfigurations = (
				82292E8E1B59BA010003DFEC /* Debug */,
				82292E8F1B59BA010003DFEC /* Release */,
			);
			defaultConfigurationIsVisible = 0;
			defaultConfigurationName = Release;
		};
		82292E901B59BA010003DFEC /* Build configuration list for PBXNativeTarget "textFieldsChallengeApp" */ = {
			isa = XCConfigurationList;
			buildConfigurations = (
				82292E911B59BA010003DFEC /* Debug */,
				82292E921B59BA010003DFEC /* Release */,
			);
			defaultConfigurationIsVisible = 0;
			defaultConfigurationName = Release;
		};
		82292E931B59BA010003DFEC /* Build configuration list for PBXNativeTarget "textFieldsChallengeAppTests" */ = {
			isa = XCConfigurationList;
			buildConfigurations = (
				82292E941B59BA010003DFEC /* Debug */,
				82292E951B59BA010003DFEC /* Release */,
			);
			defaultConfigurationIsVisible = 0;
			defaultConfigurationName = Release;
		};
/* End XCConfigurationList section */
	};
	rootObject = 82292E691B59BA010003DFEC /* Project object */;
}
